PODS:
  - AFNetworking (4.0.1):
    - AFNetworking/NSURLSession (= 4.0.1)
    - AFNetworking/Reachability (= 4.0.1)
    - AFNetworking/Security (= 4.0.1)
    - AFNetworking/Serialization (= 4.0.1)
    - AFNetworking/UIKit (= 4.0.1)
  - AFNetworking/NSURLSession (4.0.1):
    - AFNetworking/Reachability
    - AFNetworking/Security
    - AFNetworking/Serialization
  - AFNetworking/Reachability (4.0.1)
  - AFNetworking/Security (4.0.1)
  - AFNetworking/Serialization (4.0.1)
  - AFNetworking/UIKit (4.0.1):
    - AFNetworking/NSURLSession
  - TFKit-Objc (0.1.2)

DEPENDENCIES:
  - AFNetworking
  - TFKit-Objc (~> 0.1.2)

SPEC REPOS:
  trunk:
    - AFNetworking
    - TFKit-Objc

SPEC CHECKSUMS:
  AFNetworking: 7864c38297c79aaca1500c33288e429c3451fdce
  TFKit-Objc: 1092b95bf870d8a31e58cd6ed3f2bd168bdbcbde

PODFILE CHECKSUM: b6ee1216fe77a2306e1a5965b73455342cce3ab1

COCOAPODS: 1.10.1
