PODS:
  - AFNetworking (4.0.1):
    - AFNetworking/NSURLSession (= 4.0.1)
    - AFNetworking/Reachability (= 4.0.1)
    - AFNetworking/Security (= 4.0.1)
    - AFNetworking/Serialization (= 4.0.1)
    - AFNetworking/UIKit (= 4.0.1)
  - AFNetworking/NSURLSession (4.0.1):
    - AFNetworking/Reachability
    - AFNetworking/Security
    - AFNetworking/Serialization
  - AFNetworking/Reachability (4.0.1)
  - AFNetworking/Security (4.0.1)
  - AFNetworking/Serialization (4.0.1)
  - AFNetworking/UIKit (4.0.1):
    - AFNetworking/NSURLSession
  - TFKit-Objc (0.1.0):
    - TFKit-Objc/BaseClass (= 0.1.0)
    - TFKit-Objc/Category (= 0.1.0)
    - TFKit-Objc/Utils (= 0.1.0)
  - TFKit-Objc/BaseClass (0.1.0)
  - TFKit-Objc/Category (0.1.0)
  - TFKit-Objc/Utils (0.1.0)

DEPENDENCIES:
  - AFNetworking
  - TFKit-Objc

SPEC REPOS:
  trunk:
    - AFNetworking
    - TFKit-Objc

SPEC CHECKSUMS:
  AFNetworking: 7864c38297c79aaca1500c33288e429c3451fdce
  TFKit-Objc: dd503e3efd77bdff83b63c3d538f2a30bce40217

PODFILE CHECKSUM: 090cbab8c6d6c99eb6031403789889de77c6308a

COCOAPODS: 1.10.0
