PODS:
  - AFNetworking (3.2.1):
    - AFNetworking/NSURLSession (= 3.2.1)
    - AFNetworking/Reachability (= 3.2.1)
    - AFNetworking/Security (= 3.2.1)
    - AFNetworking/Serialization (= 3.2.1)
    - AFNetworking/UIKit (= 3.2.1)
  - AFNetworking/NSURLSession (3.2.1):
    - AFNetworking/Reachability
    - AFNetworking/Security
    - AFNetworking/Serialization
  - AFNetworking/Reachability (3.2.1)
  - AFNetworking/Security (3.2.1)
  - AFNetworking/Serialization (3.2.1)
  - AFNetworking/UIKit (3.2.1):
    - AFNetworking/NSURLSession
  - TFKit-Objc (0.0.5):
    - TFKit-Objc/BaseClass (= 0.0.5)
    - TFKit-Objc/Category (= 0.0.5)
    - TFKit-Objc/Utils (= 0.0.5)
  - TFKit-Objc/BaseClass (0.0.5)
  - TFKit-Objc/Category (0.0.5)
  - TFKit-Objc/Utils (0.0.5)

DEPENDENCIES:
  - AFNetworking (~> 3.2.1)
  - TFKit-Objc (~> 0.0.4)

SPEC REPOS:
  trunk:
    - AFNetworking
    - TFKit-Objc

SPEC CHECKSUMS:
  AFNetworking: b6f891fdfaed196b46c7a83cf209e09697b94057
  TFKit-Objc: 4b55bdf4f33c7578433d13764dd385d3360324c4

PODFILE CHECKSUM: 8160c871b9d9314c687c9ad4eec434e9009c610d

COCOAPODS: 1.10.0
